
Microsoft Visual Studio Solution File, Format Version 12.00
# Visual Studio Version 16
VisualStudioVersion = 16.0.29215.179
MinimumVisualStudioVersion = 10.0.40219.1
Project("{9A19103F-16F7-4668-BE54-9A1E7A4F7556}") = "ExampleProject", "ExampleProject\ExampleProject.csproj", "{16B9F428-DB8B-4660-9D82-0D8F8803D81D}"
EndProject
Project("{00D1A9C2-B5F0-4AF3-8072-F6C62B433612}") = "Database", "Database\Database.sqlproj", "{FA8CC8D0-FBFE-404E-834F-28461333771A}"
EndProject
Project("{FAE04EC0-301F-11D3-BF4B-00C04F79EFBC}") = "EntityFramework", "EntityFramework\EntityFramework.csproj", "{C3C4F840-ABDE-4E53-821E-A4E6C02CD03B}"
EndProject
Project("{FAE04EC0-301F-11D3-BF4B-00C04F79EFBC}") = "Objects", "Objects\Objects.csproj", "{3846B87F-567D-4A4E-AFEB-F9F7C6047306}"
EndProject
Global
	GlobalSection(SolutionConfigurationPlatforms) = preSolution
		Debug|Any CPU = Debug|Any CPU
		Release|Any CPU = Release|Any CPU
	EndGlobalSection
	GlobalSection(ProjectConfigurationPlatforms) = postSolution
		{16B9F428-DB8B-4660-9D82-0D8F8803D81D}.Debug|Any CPU.ActiveCfg = Debug|Any CPU
		{16B9F428-DB8B-4660-9D82-0D8F8803D81D}.Debug|Any CPU.Build.0 = Debug|Any CPU
		{16B9F428-DB8B-4660-9D82-0D8F8803D81D}.Release|Any CPU.ActiveCfg = Release|Any CPU
		{16B9F428-DB8B-4660-9D82-0D8F8803D81D}.Release|Any CPU.Build.0 = Release|Any CPU
		{FA8CC8D0-FBFE-404E-834F-28461333771A}.Debug|Any CPU.ActiveCfg = Debug|Any CPU
		{FA8CC8D0-FBFE-404E-834F-28461333771A}.Debug|Any CPU.Build.0 = Debug|Any CPU
		{FA8CC8D0-FBFE-404E-834F-28461333771A}.Debug|Any CPU.Deploy.0 = Debug|Any CPU
		{FA8CC8D0-FBFE-404E-834F-28461333771A}.Release|Any CPU.ActiveCfg = Release|Any CPU
		{FA8CC8D0-FBFE-404E-834F-28461333771A}.Release|Any CPU.Build.0 = Release|Any CPU
		{FA8CC8D0-FBFE-404E-834F-28461333771A}.Release|Any CPU.Deploy.0 = Release|Any CPU
		{C3C4F840-ABDE-4E53-821E-A4E6C02CD03B}.Debug|Any CPU.ActiveCfg = Debug|Any CPU
		{C3C4F840-ABDE-4E53-821E-A4E6C02CD03B}.Debug|Any CPU.Build.0 = Debug|Any CPU
		{C3C4F840-ABDE-4E53-821E-A4E6C02CD03B}.Release|Any CPU.ActiveCfg = Release|Any CPU
		{C3C4F840-ABDE-4E53-821E-A4E6C02CD03B}.Release|Any CPU.Build.0 = Release|Any CPU
		{3846B87F-567D-4A4E-AFEB-F9F7C6047306}.Debug|Any CPU.ActiveCfg = Debug|Any CPU
		{3846B87F-567D-4A4E-AFEB-F9F7C6047306}.Debug|Any CPU.Build.0 = Debug|Any CPU
		{3846B87F-567D-4A4E-AFEB-F9F7C6047306}.Release|Any CPU.ActiveCfg = Release|Any CPU
		{3846B87F-567D-4A4E-AFEB-F9F7C6047306}.Release|Any CPU.Build.0 = Release|Any CPU
	EndGlobalSection
	GlobalSection(SolutionProperties) = preSolution
		HideSolutionNode = FALSE
	EndGlobalSection
	GlobalSection(ExtensibilityGlobals) = postSolution
		SolutionGuid = {F469E26E-EE38-40D5-8D3C-7F9D535D5051}
	EndGlobalSection
EndGlobal
